{
  "nodes": {
    "foundation": {
      "inputs": {
        "lib": [
          "lib"
        ]
      },
      "locked": {
        "dir": "foundation",
        "dirtyRev": "f24f0876a9103c7adb8120ce9709fb90c73f2a7c-dirty",
        "dirtyShortRev": "f24f087-dirty",
        "lastModified": 1718105966,
        "narHash": "sha256-cvGKyJzoPAXjuM+YDpQM30qwshgoYZmAYtJywFPyfGI=",
        "type": "git",
        "url": "file:../?dir=foundation"
      },
      "original": {
        "dir": "foundation",
        "type": "git",
        "url": "file:../?dir=foundation"
      }
    },
    "lib": {
      "locked": {
        "dir": "lib",
        "dirtyRev": "f24f0876a9103c7adb8120ce9709fb90c73f2a7c-dirty",
        "dirtyShortRev": "f24f087-dirty",
        "lastModified": 1718105966,
        "narHash": "sha256-cvGKyJzoPAXjuM+YDpQM30qwshgoYZmAYtJywFPyfGI=",
        "type": "git",
        "url": "file:../?dir=lib"
      },
      "original": {
        "dir": "lib",
        "type": "git",
        "url": "file:../?dir=lib"
      }
    },
    "root": {
      "inputs": {
        "foundation": "foundation",
        "lib": "lib"
      }
    }
  },
  "root": "root",
  "version": 7
}
